
Microsoft Visual Studio Solution File, Format Version 12.00
# Visual Studio Express 2012 for Web
Project("{F2A71F9B-5D33-465A-A702-920D77279786}") = "Examples", "Examples\Examples.fsproj", "{68ACB7A3-F8C7-4074-921F-ACE50783E9A2}"
EndProject
Project("{F2A71F9B-5D33-465A-A702-920D77279786}") = "ProjectEuler", "ProjectEuler\ProjectEuler.fsproj", "{09E989C0-01AC-4E74-9A8A-66759836EFBC}"
EndProject
Project("{FAE04EC0-301F-11D3-BF4B-00C04F79EFBC}") = "CSharpHelperFunctions", "HelperFunctions\CSharpHelperFunctions.csproj", "{C9ABC52F-1BE8-4C19-9811-67CA453E1F3B}"
EndProject
Project("{FAE04EC0-301F-11D3-BF4B-00C04F79EFBC}") = "CSharpRunner", "CSharpRunner\CSharpRunner.csproj", "{8A30B782-663C-4FD7-85BE-79473E7FDD70}"
EndProject
Project("{F2A71F9B-5D33-465A-A702-920D77279786}") = "EulerLibrary", "EulerLibrary\EulerLibrary.fsproj", "{78073C88-133D-42B1-AA53-3D26715CDD1A}"
EndProject
Global
	GlobalSection(SolutionConfigurationPlatforms) = preSolution
		Debug|Any CPU = Debug|Any CPU
		Release|Any CPU = Release|Any CPU
	EndGlobalSection
	GlobalSection(ProjectConfigurationPlatforms) = postSolution
		{68ACB7A3-F8C7-4074-921F-ACE50783E9A2}.Debug|Any CPU.ActiveCfg = Debug|Any CPU
		{68ACB7A3-F8C7-4074-921F-ACE50783E9A2}.Debug|Any CPU.Build.0 = Debug|Any CPU
		{68ACB7A3-F8C7-4074-921F-ACE50783E9A2}.Release|Any CPU.ActiveCfg = Release|Any CPU
		{68ACB7A3-F8C7-4074-921F-ACE50783E9A2}.Release|Any CPU.Build.0 = Release|Any CPU
		{09E989C0-01AC-4E74-9A8A-66759836EFBC}.Debug|Any CPU.ActiveCfg = Debug|Any CPU
		{09E989C0-01AC-4E74-9A8A-66759836EFBC}.Debug|Any CPU.Build.0 = Debug|Any CPU
		{09E989C0-01AC-4E74-9A8A-66759836EFBC}.Release|Any CPU.ActiveCfg = Release|Any CPU
		{09E989C0-01AC-4E74-9A8A-66759836EFBC}.Release|Any CPU.Build.0 = Release|Any CPU
		{C9ABC52F-1BE8-4C19-9811-67CA453E1F3B}.Debug|Any CPU.ActiveCfg = Debug|Any CPU
		{C9ABC52F-1BE8-4C19-9811-67CA453E1F3B}.Debug|Any CPU.Build.0 = Debug|Any CPU
		{C9ABC52F-1BE8-4C19-9811-67CA453E1F3B}.Release|Any CPU.ActiveCfg = Release|Any CPU
		{C9ABC52F-1BE8-4C19-9811-67CA453E1F3B}.Release|Any CPU.Build.0 = Release|Any CPU
		{8A30B782-663C-4FD7-85BE-79473E7FDD70}.Debug|Any CPU.ActiveCfg = Debug|Any CPU
		{8A30B782-663C-4FD7-85BE-79473E7FDD70}.Debug|Any CPU.Build.0 = Debug|Any CPU
		{8A30B782-663C-4FD7-85BE-79473E7FDD70}.Release|Any CPU.ActiveCfg = Release|Any CPU
		{8A30B782-663C-4FD7-85BE-79473E7FDD70}.Release|Any CPU.Build.0 = Release|Any CPU
		{78073C88-133D-42B1-AA53-3D26715CDD1A}.Debug|Any CPU.ActiveCfg = Debug|Any CPU
		{78073C88-133D-42B1-AA53-3D26715CDD1A}.Debug|Any CPU.Build.0 = Debug|Any CPU
		{78073C88-133D-42B1-AA53-3D26715CDD1A}.Release|Any CPU.ActiveCfg = Release|Any CPU
		{78073C88-133D-42B1-AA53-3D26715CDD1A}.Release|Any CPU.Build.0 = Release|Any CPU
	EndGlobalSection
	GlobalSection(SolutionProperties) = preSolution
		HideSolutionNode = FALSE
	EndGlobalSection
EndGlobal
