
Microsoft Visual Studio Solution File, Format Version 12.00
# Visual Studio Version 17
VisualStudioVersion = 17.11.35219.272
MinimumVisualStudioVersion = 10.0.40219.1
Project("{FAE04EC0-301F-11D3-BF4B-00C04F79EFBC}") = "BlazorCounterExample", "BlazorCounterExample.csproj", "{0C318644-AA13-41AF-BA0D-7B57413A60BE}"
EndProject
Global
	GlobalSection(SolutionConfigurationPlatforms) = preSolution
		Debug|Any CPU = Debug|Any CPU
		Release|Any CPU = Release|Any CPU
	EndGlobalSection
	GlobalSection(ProjectConfigurationPlatforms) = postSolution
		{0C318644-AA13-41AF-BA0D-7B57413A60BE}.Debug|Any CPU.ActiveCfg = Debug|Any CPU
		{0C318644-AA13-41AF-BA0D-7B57413A60BE}.Debug|Any CPU.Build.0 = Debug|Any CPU
		{0C318644-AA13-41AF-BA0D-7B57413A60BE}.Release|Any CPU.ActiveCfg = Release|Any CPU
		{0C318644-AA13-41AF-BA0D-7B57413A60BE}.Release|Any CPU.Build.0 = Release|Any CPU
	EndGlobalSection
	GlobalSection(SolutionProperties) = preSolution
		HideSolutionNode = FALSE
	EndGlobalSection
	GlobalSection(ExtensibilityGlobals) = postSolution
		SolutionGuid = {CBC6E90B-9204-4839-B967-A13DB5DF50A0}
	EndGlobalSection
EndGlobal
