
Microsoft Visual Studio Solution File, Format Version 12.00
# Visual Studio Version 17
VisualStudioVersion = 17.8.0.0
MinimumVisualStudioVersion = 17.8.0.0
Project("{9A19103F-16F7-4668-BE54-9A1E7A4F7556}") = "AspireDemo.AppHost", "AspireDemo.AppHost\AspireDemo.AppHost.csproj", "{0569E06E-7A9D-4DF5-8DD5-C61F401B1292}"
EndProject
Project("{9A19103F-16F7-4668-BE54-9A1E7A4F7556}") = "AspireDemo.ServiceDefaults", "AspireDemo.ServiceDefaults\AspireDemo.ServiceDefaults.csproj", "{8BE17CF7-A5E9-43E8-B724-E559DC335738}"
EndProject
Project("{9A19103F-16F7-4668-BE54-9A1E7A4F7556}") = "AspireDemo.ApiService", "AspireDemo.ApiService\AspireDemo.ApiService.csproj", "{8CB7EBC8-1D64-4654-90CA-DF545A1B811C}"
EndProject
Project("{9A19103F-16F7-4668-BE54-9A1E7A4F7556}") = "AspireDemo.Web", "AspireDemo.Web\AspireDemo.Web.csproj", "{EF8BA341-92E8-4B35-93DF-1F71F9DC03D5}"
EndProject
Project("{FAE04EC0-301F-11D3-BF4B-00C04F79EFBC}") = "AspireDemo.CatalogService", "AspireDemo.CatalogService\AspireDemo.CatalogService.csproj", "{0C80CB39-A23E-4E35-AF5A-B3E7C313C079}"
EndProject
Global
	GlobalSection(SolutionConfigurationPlatforms) = preSolution
		Debug|Any CPU = Debug|Any CPU
		Debug|x64 = Debug|x64
		Debug|x86 = Debug|x86
		Release|Any CPU = Release|Any CPU
		Release|x64 = Release|x64
		Release|x86 = Release|x86
	EndGlobalSection
	GlobalSection(ProjectConfigurationPlatforms) = postSolution
		{0569E06E-7A9D-4DF5-8DD5-C61F401B1292}.Debug|Any CPU.ActiveCfg = Debug|Any CPU
		{0569E06E-7A9D-4DF5-8DD5-C61F401B1292}.Debug|Any CPU.Build.0 = Debug|Any CPU
		{0569E06E-7A9D-4DF5-8DD5-C61F401B1292}.Debug|x64.ActiveCfg = Debug|Any CPU
		{0569E06E-7A9D-4DF5-8DD5-C61F401B1292}.Debug|x64.Build.0 = Debug|Any CPU
		{0569E06E-7A9D-4DF5-8DD5-C61F401B1292}.Debug|x86.ActiveCfg = Debug|Any CPU
		{0569E06E-7A9D-4DF5-8DD5-C61F401B1292}.Debug|x86.Build.0 = Debug|Any CPU
		{0569E06E-7A9D-4DF5-8DD5-C61F401B1292}.Release|Any CPU.ActiveCfg = Release|Any CPU
		{0569E06E-7A9D-4DF5-8DD5-C61F401B1292}.Release|Any CPU.Build.0 = Release|Any CPU
		{0569E06E-7A9D-4DF5-8DD5-C61F401B1292}.Release|x64.ActiveCfg = Release|Any CPU
		{0569E06E-7A9D-4DF5-8DD5-C61F401B1292}.Release|x64.Build.0 = Release|Any CPU
		{0569E06E-7A9D-4DF5-8DD5-C61F401B1292}.Release|x86.ActiveCfg = Release|Any CPU
		{0569E06E-7A9D-4DF5-8DD5-C61F401B1292}.Release|x86.Build.0 = Release|Any CPU
		{8BE17CF7-A5E9-43E8-B724-E559DC335738}.Debug|Any CPU.ActiveCfg = Debug|Any CPU
		{8BE17CF7-A5E9-43E8-B724-E559DC335738}.Debug|Any CPU.Build.0 = Debug|Any CPU
		{8BE17CF7-A5E9-43E8-B724-E559DC335738}.Debug|x64.ActiveCfg = Debug|Any CPU
		{8BE17CF7-A5E9-43E8-B724-E559DC335738}.Debug|x64.Build.0 = Debug|Any CPU
		{8BE17CF7-A5E9-43E8-B724-E559DC335738}.Debug|x86.ActiveCfg = Debug|Any CPU
		{8BE17CF7-A5E9-43E8-B724-E559DC335738}.Debug|x86.Build.0 = Debug|Any CPU
		{8BE17CF7-A5E9-43E8-B724-E559DC335738}.Release|Any CPU.ActiveCfg = Release|Any CPU
		{8BE17CF7-A5E9-43E8-B724-E559DC335738}.Release|Any CPU.Build.0 = Release|Any CPU
		{8BE17CF7-A5E9-43E8-B724-E559DC335738}.Release|x64.ActiveCfg = Release|Any CPU
		{8BE17CF7-A5E9-43E8-B724-E559DC335738}.Release|x64.Build.0 = Release|Any CPU
		{8BE17CF7-A5E9-43E8-B724-E559DC335738}.Release|x86.ActiveCfg = Release|Any CPU
		{8BE17CF7-A5E9-43E8-B724-E559DC335738}.Release|x86.Build.0 = Release|Any CPU
		{8CB7EBC8-1D64-4654-90CA-DF545A1B811C}.Debug|Any CPU.ActiveCfg = Debug|Any CPU
		{8CB7EBC8-1D64-4654-90CA-DF545A1B811C}.Debug|Any CPU.Build.0 = Debug|Any CPU
		{8CB7EBC8-1D64-4654-90CA-DF545A1B811C}.Debug|x64.ActiveCfg = Debug|Any CPU
		{8CB7EBC8-1D64-4654-90CA-DF545A1B811C}.Debug|x64.Build.0 = Debug|Any CPU
		{8CB7EBC8-1D64-4654-90CA-DF545A1B811C}.Debug|x86.ActiveCfg = Debug|Any CPU
		{8CB7EBC8-1D64-4654-90CA-DF545A1B811C}.Debug|x86.Build.0 = Debug|Any CPU
		{8CB7EBC8-1D64-4654-90CA-DF545A1B811C}.Release|Any CPU.ActiveCfg = Release|Any CPU
		{8CB7EBC8-1D64-4654-90CA-DF545A1B811C}.Release|Any CPU.Build.0 = Release|Any CPU
		{8CB7EBC8-1D64-4654-90CA-DF545A1B811C}.Release|x64.ActiveCfg = Release|Any CPU
		{8CB7EBC8-1D64-4654-90CA-DF545A1B811C}.Release|x64.Build.0 = Release|Any CPU
		{8CB7EBC8-1D64-4654-90CA-DF545A1B811C}.Release|x86.ActiveCfg = Release|Any CPU
		{8CB7EBC8-1D64-4654-90CA-DF545A1B811C}.Release|x86.Build.0 = Release|Any CPU
		{EF8BA341-92E8-4B35-93DF-1F71F9DC03D5}.Debug|Any CPU.ActiveCfg = Debug|Any CPU
		{EF8BA341-92E8-4B35-93DF-1F71F9DC03D5}.Debug|Any CPU.Build.0 = Debug|Any CPU
		{EF8BA341-92E8-4B35-93DF-1F71F9DC03D5}.Debug|x64.ActiveCfg = Debug|Any CPU
		{EF8BA341-92E8-4B35-93DF-1F71F9DC03D5}.Debug|x64.Build.0 = Debug|Any CPU
		{EF8BA341-92E8-4B35-93DF-1F71F9DC03D5}.Debug|x86.ActiveCfg = Debug|Any CPU
		{EF8BA341-92E8-4B35-93DF-1F71F9DC03D5}.Debug|x86.Build.0 = Debug|Any CPU
		{EF8BA341-92E8-4B35-93DF-1F71F9DC03D5}.Release|Any CPU.ActiveCfg = Release|Any CPU
		{EF8BA341-92E8-4B35-93DF-1F71F9DC03D5}.Release|Any CPU.Build.0 = Release|Any CPU
		{EF8BA341-92E8-4B35-93DF-1F71F9DC03D5}.Release|x64.ActiveCfg = Release|Any CPU
		{EF8BA341-92E8-4B35-93DF-1F71F9DC03D5}.Release|x64.Build.0 = Release|Any CPU
		{EF8BA341-92E8-4B35-93DF-1F71F9DC03D5}.Release|x86.ActiveCfg = Release|Any CPU
		{EF8BA341-92E8-4B35-93DF-1F71F9DC03D5}.Release|x86.Build.0 = Release|Any CPU
		{0C80CB39-A23E-4E35-AF5A-B3E7C313C079}.Debug|Any CPU.ActiveCfg = Debug|Any CPU
		{0C80CB39-A23E-4E35-AF5A-B3E7C313C079}.Debug|Any CPU.Build.0 = Debug|Any CPU
		{0C80CB39-A23E-4E35-AF5A-B3E7C313C079}.Debug|x64.ActiveCfg = Debug|Any CPU
		{0C80CB39-A23E-4E35-AF5A-B3E7C313C079}.Debug|x64.Build.0 = Debug|Any CPU
		{0C80CB39-A23E-4E35-AF5A-B3E7C313C079}.Debug|x86.ActiveCfg = Debug|Any CPU
		{0C80CB39-A23E-4E35-AF5A-B3E7C313C079}.Debug|x86.Build.0 = Debug|Any CPU
		{0C80CB39-A23E-4E35-AF5A-B3E7C313C079}.Release|Any CPU.ActiveCfg = Release|Any CPU
		{0C80CB39-A23E-4E35-AF5A-B3E7C313C079}.Release|Any CPU.Build.0 = Release|Any CPU
		{0C80CB39-A23E-4E35-AF5A-B3E7C313C079}.Release|x64.ActiveCfg = Release|Any CPU
		{0C80CB39-A23E-4E35-AF5A-B3E7C313C079}.Release|x64.Build.0 = Release|Any CPU
		{0C80CB39-A23E-4E35-AF5A-B3E7C313C079}.Release|x86.ActiveCfg = Release|Any CPU
		{0C80CB39-A23E-4E35-AF5A-B3E7C313C079}.Release|x86.Build.0 = Release|Any CPU
	EndGlobalSection
	GlobalSection(SolutionProperties) = preSolution
		HideSolutionNode = FALSE
	EndGlobalSection
	GlobalSection(ExtensibilityGlobals) = postSolution
		SolutionGuid = {D8F12B0C-FB62-4054-A206-8852693F8F33}
	EndGlobalSection
EndGlobal
