<Solution>
  <Project Path="DataModel.Tests/DataModel.Tests.csproj" Id="5e4e39d8-48c3-45f3-9f9d-6013ac6ae044" />
  <Project Path="DataModel/DataModel.csproj" Id="59b4849a-3324-4dac-9e5e-8c18dd5624b2" />
  <Project Path="DataScraper/DataScraper.csproj" />
  <Project Path="NiceBnf.Web/NiceBnf.Web.csproj" />
</Solution>
