
Microsoft Visual Studio Solution File, Format Version 12.00
# Visual Studio 15
VisualStudioVersion = 15.0.26730.8
MinimumVisualStudioVersion = 10.0.40219.1
Project("{F2A71F9B-5D33-465A-A702-920D77279786}") = "TypeProviderExperiment", "TypeProviderExperiment\TypeProviderExperiment.fsproj", "{56DCC21E-EF8D-470E-98F8-53F1A49AE534}"
EndProject
Project("{F2A71F9B-5D33-465A-A702-920D77279786}") = "JSONTypeProvider", "JSONTypeProvider\JSONTypeProvider.fsproj", "{6E4DF672-FBD7-483A-B92D-41C02E96B6D4}"
EndProject
Project("{FAE04EC0-301F-11D3-BF4B-00C04F79EFBC}") = "CSharpConsumer", "CSharpConsumer\CSharpConsumer.csproj", "{C9AD6C30-28D0-45B8-B56F-8CD3DF71A28E}"
EndProject
Global
	GlobalSection(SolutionConfigurationPlatforms) = preSolution
		Debug|Any CPU = Debug|Any CPU
		Release|Any CPU = Release|Any CPU
	EndGlobalSection
	GlobalSection(ProjectConfigurationPlatforms) = postSolution
		{56DCC21E-EF8D-470E-98F8-53F1A49AE534}.Debug|Any CPU.ActiveCfg = Debug|Any CPU
		{56DCC21E-EF8D-470E-98F8-53F1A49AE534}.Debug|Any CPU.Build.0 = Debug|Any CPU
		{56DCC21E-EF8D-470E-98F8-53F1A49AE534}.Release|Any CPU.ActiveCfg = Release|Any CPU
		{56DCC21E-EF8D-470E-98F8-53F1A49AE534}.Release|Any CPU.Build.0 = Release|Any CPU
		{6E4DF672-FBD7-483A-B92D-41C02E96B6D4}.Debug|Any CPU.ActiveCfg = Debug|Any CPU
		{6E4DF672-FBD7-483A-B92D-41C02E96B6D4}.Debug|Any CPU.Build.0 = Debug|Any CPU
		{6E4DF672-FBD7-483A-B92D-41C02E96B6D4}.Release|Any CPU.ActiveCfg = Release|Any CPU
		{6E4DF672-FBD7-483A-B92D-41C02E96B6D4}.Release|Any CPU.Build.0 = Release|Any CPU
		{C9AD6C30-28D0-45B8-B56F-8CD3DF71A28E}.Debug|Any CPU.ActiveCfg = Debug|Any CPU
		{C9AD6C30-28D0-45B8-B56F-8CD3DF71A28E}.Debug|Any CPU.Build.0 = Debug|Any CPU
		{C9AD6C30-28D0-45B8-B56F-8CD3DF71A28E}.Release|Any CPU.ActiveCfg = Release|Any CPU
		{C9AD6C30-28D0-45B8-B56F-8CD3DF71A28E}.Release|Any CPU.Build.0 = Release|Any CPU
	EndGlobalSection
	GlobalSection(SolutionProperties) = preSolution
		HideSolutionNode = FALSE
	EndGlobalSection
	GlobalSection(ExtensibilityGlobals) = postSolution
		SolutionGuid = {0119FA45-219A-47A9-A414-CE6DE4FF3EA7}
	EndGlobalSection
EndGlobal
